{
  "lockfileVersion": 2,
  "configVersion": 1,
  "workspaces": {
    "": {
      "name": "deck",
      "devDependencies": {
        "@hajimism/dek": "0.3.1",
        "playwright": "^1.63.0",
      },
    },
  },
  "packages": {
    "@hajimism/dek": ["@hajimism/dek@0.3.1", "", { "dependencies": { "zod": "^4.6.5" }, "bin": { "dekc": "src/cli.ts" } }, "sha512-qKqaCCz55eV8r5fHV8tOE9Dk2avfeozkB3TkxGC0rpTQbQ5CCWWVGN2atqnFDwk0gfULlN91k6+c53DpI9nWOA=="],

    "playwright": ["playwright@1.63.0", "", { "dependencies": { "playwright-core": "1.63.0" }, "bin": { "playwright": "cli.js" } }, "sha512-+7ziBLidS4NaNCdt57SUDT+wYmmd5fmiQejUic/kb+YsYSCPyOOE9sebzMjNmQrsnNpDJqd4WHvV/8lfKfUDUg=="],

    "playwright-core": ["playwright-core@1.63.0", "", { "bin": { "playwright-core": "cli.js" } }, "sha512-rYCsBF/M5HjUch52bbtVONEFjv6Xu8sm8h72dNlR5bzIE1fvC/bxgspzkjSfU+MweEMmPM8KJebG6nnyxo5mCg=="],

    "zod": ["zod@4.6.5", "", {}, "sha512-v5l/aFXZQeai4awLbOpSoHecE9UiMrnfx75tEXLjNonXVARxQ5mOeipTjROUchszUNCqnE+hqAMujRsRHsut2Q=="],
  }
}
